{
  "name": "nixos-config",
  "lockfileVersion": 3,
  "requires": true,
  "packages": {
    "": {
      "dependencies": {
        "libtexprintf": "^1.31.0"
      }
    },
    "node_modules/libtexprintf": {
      "version": "1.31.0",
      "resolved": "https://registry.npmjs.org/libtexprintf/-/libtexprintf-1.31.0.tgz",
      "integrity": "sha512-sJXiV1PxmTtnpMjEWEUhaU4tTAclFF0bbq3ZddWzVjwEo6X2TKZCJV+8O6PpmsLtFfRbNNIsa9tpLw/lCi7SeA==",
      "license": "GPL-3.0-or-later"
    }
  }
}
